
Microsoft Visual Studio Solution File, Format Version 12.00
Project("{2150E333-8FDC-42A3-9474-1A3956D46DE8}") = "src", "src", "{1678DF12-A183-4A15-8722-420AD1FFA207}"
EndProject
Project("{FAE04EC0-301F-11D3-BF4B-00C04F79EFBC}") = "FalseSharing.DemoApp", "FalseSharing.DemoApp\FalseSharing.DemoApp.csproj", "{22271D06-E523-4872-8D4C-9B63DCE593B7}"
EndProject
Global
	GlobalSection(SolutionConfigurationPlatforms) = preSolution
		Debug|Any CPU = Debug|Any CPU
		Release|Any CPU = Release|Any CPU
	EndGlobalSection
	GlobalSection(NestedProjects) = preSolution
		{22271D06-E523-4872-8D4C-9B63DCE593B7} = {1678DF12-A183-4A15-8722-420AD1FFA207}
	EndGlobalSection
	GlobalSection(ProjectConfigurationPlatforms) = postSolution
		{22271D06-E523-4872-8D4C-9B63DCE593B7}.Debug|Any CPU.ActiveCfg = Debug|Any CPU
		{22271D06-E523-4872-8D4C-9B63DCE593B7}.Debug|Any CPU.Build.0 = Debug|Any CPU
		{22271D06-E523-4872-8D4C-9B63DCE593B7}.Release|Any CPU.ActiveCfg = Release|Any CPU
		{22271D06-E523-4872-8D4C-9B63DCE593B7}.Release|Any CPU.Build.0 = Release|Any CPU
	EndGlobalSection
EndGlobal
